// !$*UTF8*$!
{
	archiveVersion = 1;
	classes = {
	};
	objectVersion = 50;
	objects = {

/* Begin PBXBuildFile section */
		070B565C213ABA730036F186 /* Population.storyboard in Resources */ = {isa = PBXBuildFile; fileRef = 070B565B213ABA730036F186 /* Population.storyboard */; };
		070B565E213ABAFE0036F186 /* PopInfo.storyboard in Resources */ = {isa = PBXBuildFile; fileRef = 070B565D213ABAFE0036F186 /* PopInfo.storyboard */; };
		070B5661213ABDB00036F186 /* Kamino.json in Resources */ = {isa = PBXBuildFile; fileRef = 070B565F213ABDB00036F186 /* Kamino.json */; };
		070B5662213ABDB00036F186 /* Boba Fett.json in Resources */ = {isa = PBXBuildFile; fileRef = 070B5660213ABDB00036F186 /* Boba Fett.json */; };
		070B5665213AC06A0036F186 /* Planet.swift in Sources */ = {isa = PBXBuildFile; fileRef = 070B5664213AC06A0036F186 /* Planet.swift */; };
		070B5669213AC3190036F186 /* Resident.swift in Sources */ = {isa = PBXBuildFile; fileRef = 070B5668213AC3190036F186 /* Resident.swift */; };
		070B5671213AD0240036F186 /* InfoTableViewCell.swift in Sources */ = {isa = PBXBuildFile; fileRef = 070B5670213AD0240036F186 /* InfoTableViewCell.swift */; };
		076BF72A213AAEB600C1BA45 /* AppDelegate.swift in Sources */ = {isa = PBXBuildFile; fileRef = 076BF729213AAEB600C1BA45 /* AppDelegate.swift */; };
		076BF72C213AAEB600C1BA45 /* PlanetViewController.swift in Sources */ = {isa = PBXBuildFile; fileRef = 076BF72B213AAEB600C1BA45 /* PlanetViewController.swift */; };
		076BF72F213AAEB600C1BA45 /* Planet.storyboard in Resources */ = {isa = PBXBuildFile; fileRef = 076BF72D213AAEB600C1BA45 /* Planet.storyboard */; };
		076BF732213AAEB600C1BA45 /* StarWars.xcdatamodeld in Sources */ = {isa = PBXBuildFile; fileRef = 076BF730213AAEB600C1BA45 /* StarWars.xcdatamodeld */; };
		076BF734213AAEBB00C1BA45 /* Assets.xcassets in Resources */ = {isa = PBXBuildFile; fileRef = 076BF733213AAEBB00C1BA45 /* Assets.xcassets */; };
		076BF737213AAEBB00C1BA45 /* LaunchScreen.storyboard in Resources */ = {isa = PBXBuildFile; fileRef = 076BF735213AAEBB00C1BA45 /* LaunchScreen.storyboard */; };
		07D010CA213C0D3C007861FD /* PopulationViewController.swift in Sources */ = {isa = PBXBuildFile; fileRef = 07D010C9213C0D3C007861FD /* PopulationViewController.swift */; };
/* End PBXBuildFile section */

/* Begin PBXFileReference section */
		070B565B213ABA730036F186 /* Population.storyboard */ = {isa = PBXFileReference; lastKnownFileType = file.storyboard; path = Population.storyboard; sourceTree = "<group>"; };
		070B565D213ABAFE0036F186 /* PopInfo.storyboard */ = {isa = PBXFileReference; lastKnownFileType = file.storyboard; path = PopInfo.storyboard; sourceTree = "<group>"; };
		070B565F213ABDB00036F186 /* Kamino.json */ = {isa = PBXFileReference; fileEncoding = 4; lastKnownFileType = text.json; path = Kamino.json; sourceTree = "<group>"; };
		070B5660213ABDB00036F186 /* Boba Fett.json */ = {isa = PBXFileReference; fileEncoding = 4; lastKnownFileType = text.json; path = "Boba Fett.json"; sourceTree = "<group>"; };
		070B5664213AC06A0036F186 /* Planet.swift */ = {isa = PBXFileReference; lastKnownFileType = sourcecode.swift; path = Planet.swift; sourceTree = "<group>"; };
		070B5668213AC3190036F186 /* Resident.swift */ = {isa = PBXFileReference; lastKnownFileType = sourcecode.swift; path = Resident.swift; sourceTree = "<group>"; };
		070B5670213AD0240036F186 /* InfoTableViewCell.swift */ = {isa = PBXFileReference; lastKnownFileType = sourcecode.swift; path = InfoTableViewCell.swift; sourceTree = "<group>"; };
		076BF726213AAEB600C1BA45 /* StarWars.app */ = {isa = PBXFileReference; explicitFileType = wrapper.application; includeInIndex = 0; path = StarWars.app; sourceTree = BUILT_PRODUCTS_DIR; };
		076BF729213AAEB600C1BA45 /* AppDelegate.swift */ = {isa = PBXFileReference; lastKnownFileType = sourcecode.swift; path = AppDelegate.swift; sourceTree = "<group>"; };
		076BF72B213AAEB600C1BA45 /* PlanetViewController.swift */ = {isa = PBXFileReference; lastKnownFileType = sourcecode.swift; path = PlanetViewController.swift; sourceTree = "<group>"; };
		076BF72E213AAEB600C1BA45 /* Base */ = {isa = PBXFileReference; lastKnownFileType = file.storyboard; name = Base; path = Base.lproj/Planet.storyboard; sourceTree = "<group>"; };
		076BF731213AAEB600C1BA45 /* StarWars.xcdatamodel */ = {isa = PBXFileReference; lastKnownFileType = wrapper.xcdatamodel; path = StarWars.xcdatamodel; sourceTree = "<group>"; };
		076BF733213AAEBB00C1BA45 /* Assets.xcassets */ = {isa = PBXFileReference; lastKnownFileType = folder.assetcatalog; path = Assets.xcassets; sourceTree = "<group>"; };
		076BF736213AAEBB00C1BA45 /* Base */ = {isa = PBXFileReference; lastKnownFileType = file.storyboard; name = Base; path = Base.lproj/LaunchScreen.storyboard; sourceTree = "<group>"; };
		076BF738213AAEBB00C1BA45 /* Info.plist */ = {isa = PBXFileReference; lastKnownFileType = text.plist.xml; path = Info.plist; sourceTree = "<group>"; };
		07D010C9213C0D3C007861FD /* PopulationViewController.swift */ = {isa = PBXFileReference; lastKnownFileType = sourcecode.swift; path = PopulationViewController.swift; sourceTree = "<group>"; };
/* End PBXFileReference section */

/* Begin PBXFrameworksBuildPhase section */
		076BF723213AAEB600C1BA45 /* Frameworks */ = {
			isa = PBXFrameworksBuildPhase;
			buildActionMask = 2147483647;
			files = (
			);
			runOnlyForDeploymentPostprocessing = 0;
		};
/* End PBXFrameworksBuildPhase section */

/* Begin PBXGroup section */
		070B5663213ABDC80036F186 /* JSONs */ = {
			isa = PBXGroup;
			children = (
				070B5660213ABDB00036F186 /* Boba Fett.json */,
				070B565F213ABDB00036F186 /* Kamino.json */,
			);
			path = JSONs;
			sourceTree = "<group>";
		};
		070B5666213AC0710036F186 /* Planet */ = {
			isa = PBXGroup;
			children = (
				076BF72B213AAEB600C1BA45 /* PlanetViewController.swift */,
				076BF72D213AAEB600C1BA45 /* Planet.storyboard */,
				070B5664213AC06A0036F186 /* Planet.swift */,
			);
			path = Planet;
			sourceTree = "<group>";
		};
		070B5667213AC30D0036F186 /* Pop */ = {
			isa = PBXGroup;
			children = (
				07D010C9213C0D3C007861FD /* PopulationViewController.swift */,
				070B565B213ABA730036F186 /* Population.storyboard */,
			);
			path = Pop;
			sourceTree = "<group>";
		};
		076BF71D213AAEB600C1BA45 = {
			isa = PBXGroup;
			children = (
				076BF728213AAEB600C1BA45 /* StarWars */,
				076BF727213AAEB600C1BA45 /* Products */,
			);
			sourceTree = "<group>";
		};
		076BF727213AAEB600C1BA45 /* Products */ = {
			isa = PBXGroup;
			children = (
				076BF726213AAEB600C1BA45 /* StarWars.app */,
			);
			name = Products;
			sourceTree = "<group>";
		};
		076BF728213AAEB600C1BA45 /* StarWars */ = {
			isa = PBXGroup;
			children = (
				076BF729213AAEB600C1BA45 /* AppDelegate.swift */,
				070B5663213ABDC80036F186 /* JSONs */,
				070B5666213AC0710036F186 /* Planet */,
				070B5667213AC30D0036F186 /* Pop */,
				070B565D213ABAFE0036F186 /* PopInfo.storyboard */,
				070B5668213AC3190036F186 /* Resident.swift */,
				070B5670213AD0240036F186 /* InfoTableViewCell.swift */,
				076BF733213AAEBB00C1BA45 /* Assets.xcassets */,
				076BF735213AAEBB00C1BA45 /* LaunchScreen.storyboard */,
				076BF738213AAEBB00C1BA45 /* Info.plist */,
				076BF730213AAEB600C1BA45 /* StarWars.xcdatamodeld */,
			);
			path = StarWars;
			sourceTree = "<group>";
		};
/* End PBXGroup section */

/* Begin PBXNativeTarget section */
		076BF725213AAEB600C1BA45 /* StarWars */ = {
			isa = PBXNativeTarget;
			buildConfigurationList = 076BF73B213AAEBB00C1BA45 /* Build configuration list for PBXNativeTarget "StarWars" */;
			buildPhases = (
				076BF722213AAEB600C1BA45 /* Sources */,
				076BF723213AAEB600C1BA45 /* Frameworks */,
				076BF724213AAEB600C1BA45 /* Resources */,
			);
			buildRules = (
			);
			dependencies = (
			);
			name = StarWars;
			productName = StarWars;
			productReference = 076BF726213AAEB600C1BA45 /* StarWars.app */;
			productType = "com.apple.product-type.application";
		};
/* End PBXNativeTarget section */

/* Begin PBXProject section */
		076BF71E213AAEB600C1BA45 /* Project object */ = {
			isa = PBXProject;
			attributes = {
				LastSwiftUpdateCheck = 0940;
				LastUpgradeCheck = 0940;
				ORGANIZATIONNAME = Columbae;
				TargetAttributes = {
					076BF725213AAEB600C1BA45 = {
						CreatedOnToolsVersion = 9.4.1;
					};
				};
			};
			buildConfigurationList = 076BF721213AAEB600C1BA45 /* Build configuration list for PBXProject "StarWars" */;
			compatibilityVersion = "Xcode 9.3";
			developmentRegion = en;
			hasScannedForEncodings = 0;
			knownRegions = (
				en,
				Base,
			);
			mainGroup = 076BF71D213AAEB600C1BA45;
			productRefGroup = 076BF727213AAEB600C1BA45 /* Products */;
			projectDirPath = "";
			projectRoot = "";
			targets = (
				076BF725213AAEB600C1BA45 /* StarWars */,
			);
		};
/* End PBXProject section */

/* Begin PBXResourcesBuildPhase section */
		076BF724213AAEB600C1BA45 /* Resources */ = {
			isa = PBXResourcesBuildPhase;
			buildActionMask = 2147483647;
			files = (
				076BF737213AAEBB00C1BA45 /* LaunchScreen.storyboard in Resources */,
				070B565C213ABA730036F186 /* Population.storyboard in Resources */,
				070B5662213ABDB00036F186 /* Boba Fett.json in Resources */,
				070B565E213ABAFE0036F186 /* PopInfo.storyboard in Resources */,
				076BF734213AAEBB00C1BA45 /* Assets.xcassets in Resources */,
				070B5661213ABDB00036F186 /* Kamino.json in Resources */,
				076BF72F213AAEB600C1BA45 /* Planet.storyboard in Resources */,
			);
			runOnlyForDeploymentPostprocessing = 0;
		};
/* End PBXResourcesBuildPhase section */

/* Begin PBXSourcesBuildPhase section */
		076BF722213AAEB600C1BA45 /* Sources */ = {
			isa = PBXSourcesBuildPhase;
			buildActionMask = 2147483647;
			files = (
				07D010CA213C0D3C007861FD /* PopulationViewController.swift in Sources */,
				070B5669213AC3190036F186 /* Resident.swift in Sources */,
				076BF72C213AAEB600C1BA45 /* PlanetViewController.swift in Sources */,
				070B5671213AD0240036F186 /* InfoTableViewCell.swift in Sources */,
				076BF72A213AAEB600C1BA45 /* AppDelegate.swift in Sources */,
				076BF732213AAEB600C1BA45 /* StarWars.xcdatamodeld in Sources */,
				070B5665213AC06A0036F186 /* Planet.swift in Sources */,
			);
			runOnlyForDeploymentPostprocessing = 0;
		};
/* End PBXSourcesBuildPhase section */

/* Begin PBXVariantGroup section */
		076BF72D213AAEB600C1BA45 /* Planet.storyboard */ = {
			isa = PBXVariantGroup;
			children = (
				076BF72E213AAEB600C1BA45 /* Base */,
			);
			name = Planet.storyboard;
			sourceTree = "<group>";
		};
		076BF735213AAEBB00C1BA45 /* LaunchScreen.storyboard */ = {
			isa = PBXVariantGroup;
			children = (
				076BF736213AAEBB00C1BA45 /* Base */,
			);
			name = LaunchScreen.storyboard;
			sourceTree = "<group>";
		};
/* End PBXVariantGroup section */

/* Begin XCBuildConfiguration section */
		076BF739213AAEBB00C1BA45 /* Debug */ = {
			isa = XCBuildConfiguration;
			buildSettings = {
				ALWAYS_SEARCH_USER_PATHS = NO;
				CLANG_ANALYZER_NONNULL = YES;
				CLANG_ANALYZER_NUMBER_OBJECT_CONVERSION = YES_AGGRESSIVE;
				CLANG_CXX_LANGUAGE_STANDARD = "gnu++14";
				CLANG_CXX_LIBRARY = "libc++";
				CLANG_ENABLE_MODULES = YES;
				CLANG_ENABLE_OBJC_ARC = YES;
				CLANG_ENABLE_OBJC_WEAK = YES;
				CLANG_WARN_BLOCK_CAPTURE_AUTORELEASING = YES;
				CLANG_WARN_BOOL_CONVERSION = YES;
				CLANG_WARN_COMMA = YES;
				CLANG_WARN_CONSTANT_CONVERSION = YES;
				CLANG_WARN_DEPRECATED_OBJC_IMPLEMENTATIONS = YES;
				CLANG_WARN_DIRECT_OBJC_ISA_USAGE = YES_ERROR;
				CLANG_WARN_DOCUMENTATION_COMMENTS = YES;
				CLANG_WARN_EMPTY_BODY = YES;
				CLANG_WARN_ENUM_CONVERSION = YES;
				CLANG_WARN_INFINITE_RECURSION = YES;
				CLANG_WARN_INT_CONVERSION = YES;
				CLANG_WARN_NON_LITERAL_NULL_CONVERSION = YES;
				CLANG_WARN_OBJC_IMPLICIT_RETAIN_SELF = YES;
				CLANG_WARN_OBJC_LITERAL_CONVERSION = YES;
				CLANG_WARN_OBJC_ROOT_CLASS = YES_ERROR;
				CLANG_WARN_RANGE_LOOP_ANALYSIS = YES;
				CLANG_WARN_STRICT_PROTOTYPES = YES;
				CLANG_WARN_SUSPICIOUS_MOVE = YES;
				CLANG_WARN_UNGUARDED_AVAILABILITY = YES_AGGRESSIVE;
				CLANG_WARN_UNREACHABLE_CODE = YES;
				CLANG_WARN__DUPLICATE_METHOD_MATCH = YES;
				CODE_SIGN_IDENTITY = "iPhone Developer";
				COPY_PHASE_STRIP = NO;
				DEBUG_INFORMATION_FORMAT = dwarf;
				ENABLE_STRICT_OBJC_MSGSEND = YES;
				ENABLE_TESTABILITY = YES;
				GCC_C_LANGUAGE_STANDARD = gnu11;
				GCC_DYNAMIC_NO_PIC = NO;
				GCC_NO_COMMON_BLOCKS = YES;
				GCC_OPTIMIZATION_LEVEL = 0;
				GCC_PREPROCESSOR_DEFINITIONS = (
					"DEBUG=1",
					"$(inherited)",
				);
				GCC_WARN_64_TO_32_BIT_CONVERSION = YES;
				GCC_WARN_ABOUT_RETURN_TYPE = YES_ERROR;
				GCC_WARN_UNDECLARED_SELECTOR = YES;
				GCC_WARN_UNINITIALIZED_AUTOS = YES_AGGRESSIVE;
				GCC_WARN_UNUSED_FUNCTION = YES;
				GCC_WARN_UNUSED_VARIABLE = YES;
				IPHONEOS_DEPLOYMENT_TARGET = 11.4;
				MTL_ENABLE_DEBUG_INFO = YES;
				ONLY_ACTIVE_ARCH = YES;
				SDKROOT = iphoneos;
				SWIFT_ACTIVE_COMPILATION_CONDITIONS = DEBUG;
				SWIFT_OPTIMIZATION_LEVEL = "-Onone";
			};
			name = Debug;
		};
		076BF73A213AAEBB00C1BA45 /* Release */ = {
			isa = XCBuildConfiguration;
			buildSettings = {
				ALWAYS_SEARCH_USER_PATHS = NO;
				CLANG_ANALYZER_NONNULL = YES;
				CLANG_ANALYZER_NUMBER_OBJECT_CONVERSION = YES_AGGRESSIVE;
				CLANG_CXX_LANGUAGE_STANDARD = "gnu++14";
				CLANG_CXX_LIBRARY = "libc++";
				CLANG_ENABLE_MODULES = YES;
				CLANG_ENABLE_OBJC_ARC = YES;
				CLANG_ENABLE_OBJC_WEAK = YES;
				CLANG_WARN_BLOCK_CAPTURE_AUTORELEASING = YES;
				CLANG_WARN_BOOL_CONVERSION = YES;
				CLANG_WARN_COMMA = YES;
				CLANG_WARN_CONSTANT_CONVERSION = YES;
				CLANG_WARN_DEPRECATED_OBJC_IMPLEMENTATIONS = YES;
				CLANG_WARN_DIRECT_OBJC_ISA_USAGE = YES_ERROR;
				CLANG_WARN_DOCUMENTATION_COMMENTS = YES;
				CLANG_WARN_EMPTY_BODY = YES;
				CLANG_WARN_ENUM_CONVERSION = YES;
				CLANG_WARN_INFINITE_RECURSION = YES;
				CLANG_WARN_INT_CONVERSION = YES;
				CLANG_WARN_NON_LITERAL_NULL_CONVERSION = YES;
				CLANG_WARN_OBJC_IMPLICIT_RETAIN_SELF = YES;
				CLANG_WARN_OBJC_LITERAL_CONVERSION = YES;
				CLANG_WARN_OBJC_ROOT_CLASS = YES_ERROR;
				CLANG_WARN_RANGE_LOOP_ANALYSIS = YES;
				CLANG_WARN_STRICT_PROTOTYPES = YES;
				CLANG_WARN_SUSPICIOUS_MOVE = YES;
				CLANG_WARN_UNGUARDED_AVAILABILITY = YES_AGGRESSIVE;
				CLANG_WARN_UNREACHABLE_CODE = YES;
				CLANG_WARN__DUPLICATE_METHOD_MATCH = YES;
				CODE_SIGN_IDENTITY = "iPhone Developer";
				COPY_PHASE_STRIP = NO;
				DEBUG_INFORMATION_FORMAT = "dwarf-with-dsym";
				ENABLE_NS_ASSERTIONS = NO;
				ENABLE_STRICT_OBJC_MSGSEND = YES;
				GCC_C_LANGUAGE_STANDARD = gnu11;
				GCC_NO_COMMON_BLOCKS = YES;
				GCC_WARN_64_TO_32_BIT_CONVERSION = YES;
				GCC_WARN_ABOUT_RETURN_TYPE = YES_ERROR;
				GCC_WARN_UNDECLARED_SELECTOR = YES;
				GCC_WARN_UNINITIALIZED_AUTOS = YES_AGGRESSIVE;
				GCC_WARN_UNUSED_FUNCTION = YES;
				GCC_WARN_UNUSED_VARIABLE = YES;
				IPHONEOS_DEPLOYMENT_TARGET = 11.4;
				MTL_ENABLE_DEBUG_INFO = NO;
				SDKROOT = iphoneos;
				SWIFT_COMPILATION_MODE = wholemodule;
				SWIFT_OPTIMIZATION_LEVEL = "-O";
				VALIDATE_PRODUCT = YES;
			};
			name = Release;
		};
		076BF73C213AAEBB00C1BA45 /* Debug */ = {
			isa = XCBuildConfiguration;
			buildSettings = {
				ASSETCATALOG_COMPILER_APPICON_NAME = AppIcon;
				CODE_SIGN_STYLE = Automatic;
				DEVELOPMENT_TEAM = 8N4JW892Z5;
				INFOPLIST_FILE = StarWars/Info.plist;
				LD_RUNPATH_SEARCH_PATHS = (
					"$(inherited)",
					"@executable_path/Frameworks",
				);
				PRODUCT_BUNDLE_IDENTIFIER = com.Columbae.StarWars;
				PRODUCT_NAME = "$(TARGET_NAME)";
				SWIFT_VERSION = 4.0;
				TARGETED_DEVICE_FAMILY = "1,2";
			};
			name = Debug;
		};
		076BF73D213AAEBB00C1BA45 /* Release */ = {
			isa = XCBuildConfiguration;
			buildSettings = {
				ASSETCATALOG_COMPILER_APPICON_NAME = AppIcon;
				CODE_SIGN_STYLE = Automatic;
				DEVELOPMENT_TEAM = 8N4JW892Z5;
				INFOPLIST_FILE = StarWars/Info.plist;
				LD_RUNPATH_SEARCH_PATHS = (
					"$(inherited)",
					"@executable_path/Frameworks",
				);
				PRODUCT_BUNDLE_IDENTIFIER = com.Columbae.StarWars;
				PRODUCT_NAME = "$(TARGET_NAME)";
				SWIFT_VERSION = 4.0;
				TARGETED_DEVICE_FAMILY = "1,2";
			};
			name = Release;
		};
/* End XCBuildConfiguration section */

/* Begin XCConfigurationList section */
		076BF721213AAEB600C1BA45 /* Build configuration list for PBXProject "StarWars" */ = {
			isa = XCConfigurationList;
			buildConfigurations = (
				076BF739213AAEBB00C1BA45 /* Debug */,
				076BF73A213AAEBB00C1BA45 /* Release */,
			);
			defaultConfigurationIsVisible = 0;
			defaultConfigurationName = Release;
		};
		076BF73B213AAEBB00C1BA45 /* Build configuration list for PBXNativeTarget "StarWars" */ = {
			isa = XCConfigurationList;
			buildConfigurations = (
				076BF73C213AAEBB00C1BA45 /* Debug */,
				076BF73D213AAEBB00C1BA45 /* Release */,
			);
			defaultConfigurationIsVisible = 0;
			defaultConfigurationName = Release;
		};
/* End XCConfigurationList section */

/* Begin XCVersionGroup section */
		076BF730213AAEB600C1BA45 /* StarWars.xcdatamodeld */ = {
			isa = XCVersionGroup;
			children = (
				076BF731213AAEB600C1BA45 /* StarWars.xcdatamodel */,
			);
			currentVersion = 076BF731213AAEB600C1BA45 /* StarWars.xcdatamodel */;
			path = StarWars.xcdatamodeld;
			sourceTree = "<group>";
			versionGroupType = wrapper.xcdatamodel;
		};
/* End XCVersionGroup section */
	};
	rootObject = 076BF71E213AAEB600C1BA45 /* Project object */;
}
